
Microsoft Visual Studio Solution File, Format Version 12.00
Project("{FAE04EC0-301F-11D3-BF4B-00C04F79EFBC}") = "WeerLive.Lib", "WeerLive.Lib\WeerLive.Lib.csproj", "{71108B89-BB71-4A56-B933-59BE6750CBF2}"
EndProject
Project("{FAE04EC0-301F-11D3-BF4B-00C04F79EFBC}") = "WeerLive.Test", "WeerLive.Test\WeerLive.Test.csproj", "{80249257-6A1A-4872-8F0D-823EA8F0766C}"
EndProject
Project("{FAE04EC0-301F-11D3-BF4B-00C04F79EFBC}") = "WeerLive.Example", "WeerLive.Example\WeerLive.Example.csproj", "{94D9A869-E0CC-4452-93B5-0BAFC384D2DC}"
EndProject
Global
	GlobalSection(SolutionConfigurationPlatforms) = preSolution
		Debug|Any CPU = Debug|Any CPU
		Release|Any CPU = Release|Any CPU
	EndGlobalSection
	GlobalSection(ProjectConfigurationPlatforms) = postSolution
		{71108B89-BB71-4A56-B933-59BE6750CBF2}.Debug|Any CPU.ActiveCfg = Debug|Any CPU
		{71108B89-BB71-4A56-B933-59BE6750CBF2}.Debug|Any CPU.Build.0 = Debug|Any CPU
		{71108B89-BB71-4A56-B933-59BE6750CBF2}.Release|Any CPU.ActiveCfg = Release|Any CPU
		{71108B89-BB71-4A56-B933-59BE6750CBF2}.Release|Any CPU.Build.0 = Release|Any CPU
		{80249257-6A1A-4872-8F0D-823EA8F0766C}.Debug|Any CPU.ActiveCfg = Debug|Any CPU
		{80249257-6A1A-4872-8F0D-823EA8F0766C}.Debug|Any CPU.Build.0 = Debug|Any CPU
		{80249257-6A1A-4872-8F0D-823EA8F0766C}.Release|Any CPU.ActiveCfg = Release|Any CPU
		{80249257-6A1A-4872-8F0D-823EA8F0766C}.Release|Any CPU.Build.0 = Release|Any CPU
		{94D9A869-E0CC-4452-93B5-0BAFC384D2DC}.Debug|Any CPU.ActiveCfg = Debug|Any CPU
		{94D9A869-E0CC-4452-93B5-0BAFC384D2DC}.Debug|Any CPU.Build.0 = Debug|Any CPU
		{94D9A869-E0CC-4452-93B5-0BAFC384D2DC}.Release|Any CPU.ActiveCfg = Release|Any CPU
		{94D9A869-E0CC-4452-93B5-0BAFC384D2DC}.Release|Any CPU.Build.0 = Release|Any CPU
	EndGlobalSection
EndGlobal
